
Microsoft Visual Studio Solution File, Format Version 10.00
# Visual Studio 2008
Project("{8BC9CEB8-8B4A-11D0-8D11-00A0C91BC942}") = "sb_loader", "sb_loader.vcproj", "{FE6D42A5-3599-4133-AAB6-10A4503609C5}"
EndProject
Global
	GlobalSection(SolutionConfigurationPlatforms) = preSolution
		Debug|Win32 = Debug|Win32
		Release|Win32 = Release|Win32
	EndGlobalSection
	GlobalSection(ProjectConfigurationPlatforms) = postSolution
		{FE6D42A5-3599-4133-AAB6-10A4503609C5}.Debug|Win32.ActiveCfg = Debug|Win32
		{FE6D42A5-3599-4133-AAB6-10A4503609C5}.Debug|Win32.Build.0 = Debug|Win32
		{FE6D42A5-3599-4133-AAB6-10A4503609C5}.Release|Win32.ActiveCfg = Release|Win32
		{FE6D42A5-3599-4133-AAB6-10A4503609C5}.Release|Win32.Build.0 = Release|Win32
	EndGlobalSection
	GlobalSection(SolutionProperties) = preSolution
		HideSolutionNode = FALSE
	EndGlobalSection
EndGlobal
